// !$*UTF8*$!
{
	archiveVersion = 1;
	classes = {
	};
	objectVersion = 46;
	objects = {

/* Begin PBXBuildFile section */
		102E58E41B2CAB43007AB425 /* AppDelegate.swift in Sources */ = {isa = PBXBuildFile; fileRef = 102E58E31B2CAB43007AB425 /* AppDelegate.swift */; };
		102E58E61B2CAB43007AB425 /* ViewController.swift in Sources */ = {isa = PBXBuildFile; fileRef = 102E58E51B2CAB43007AB425 /* ViewController.swift */; };
		102E58E91B2CAB43007AB425 /* Main.storyboard in Resources */ = {isa = PBXBuildFile; fileRef = 102E58E71B2CAB43007AB425 /* Main.storyboard */; };
		102E58EB1B2CAB43007AB425 /* Images.xcassets in Resources */ = {isa = PBXBuildFile; fileRef = 102E58EA1B2CAB43007AB425 /* Images.xcassets */; };
		102E58EE1B2CAB43007AB425 /* LaunchScreen.xib in Resources */ = {isa = PBXBuildFile; fileRef = 102E58EC1B2CAB43007AB425 /* LaunchScreen.xib */; };
		102E58FA1B2CAB43007AB425 /* Agar_iosTests.swift in Sources */ = {isa = PBXBuildFile; fileRef = 102E58F91B2CAB43007AB425 /* Agar_iosTests.swift */; };
		102E59061B2CAB85007AB425 /* WebSocket.swift in Sources */ = {isa = PBXBuildFile; fileRef = 102E59051B2CAB85007AB425 /* WebSocket.swift */; };
		102E59081B2CAB90007AB425 /* Security.swift in Sources */ = {isa = PBXBuildFile; fileRef = 102E59071B2CAB90007AB425 /* Security.swift */; };
		102E590C1B2CB824007AB425 /* Node.swift in Sources */ = {isa = PBXBuildFile; fileRef = 102E590B1B2CB824007AB425 /* Node.swift */; };
		102E59101B2CB914007AB425 /* Packet.swift in Sources */ = {isa = PBXBuildFile; fileRef = 102E590F1B2CB914007AB425 /* Packet.swift */; };
		102E59121B2CB963007AB425 /* UpdateNodesPacket.swift in Sources */ = {isa = PBXBuildFile; fileRef = 102E59111B2CB963007AB425 /* UpdateNodesPacket.swift */; };
		10F54AF81B2D93D400B8219F /* AgarScene.swift in Sources */ = {isa = PBXBuildFile; fileRef = 10F54AF71B2D93D400B8219F /* AgarScene.swift */; };
		10F54AFB1B2DC23700B8219F /* LeaderboardView.swift in Sources */ = {isa = PBXBuildFile; fileRef = 10F54AFA1B2DC23700B8219F /* LeaderboardView.swift */; };
		10F54AFD1B2DD17500B8219F /* MoveMousePacket.swift in Sources */ = {isa = PBXBuildFile; fileRef = 10F54AFC1B2DD17500B8219F /* MoveMousePacket.swift */; };
		10F8A6A21B2CC8A000590C7E /* UpdateLeaderboardPacket.swift in Sources */ = {isa = PBXBuildFile; fileRef = 10F8A6A11B2CC8A000590C7E /* UpdateLeaderboardPacket.swift */; };
		10F8A6A41B2CCEB900590C7E /* SetNicknamePacket.swift in Sources */ = {isa = PBXBuildFile; fileRef = 10F8A6A31B2CCEB900590C7E /* SetNicknamePacket.swift */; };
		10F8A6A61B2CCF3100590C7E /* ResetConnectionPacket.swift in Sources */ = {isa = PBXBuildFile; fileRef = 10F8A6A51B2CCF3100590C7E /* ResetConnectionPacket.swift */; };
		10F8A6A81B2CD05400590C7E /* SetBorderPacket.swift in Sources */ = {isa = PBXBuildFile; fileRef = 10F8A6A71B2CD05400590C7E /* SetBorderPacket.swift */; };
		10F8A6AA1B2CD23000590C7E /* AddNodePacket.swift in Sources */ = {isa = PBXBuildFile; fileRef = 10F8A6A91B2CD23000590C7E /* AddNodePacket.swift */; };
/* End PBXBuildFile section */

/* Begin PBXContainerItemProxy section */
		102E58F41B2CAB43007AB425 /* PBXContainerItemProxy */ = {
			isa = PBXContainerItemProxy;
			containerPortal = 102E58D61B2CAB43007AB425 /* Project object */;
			proxyType = 1;
			remoteGlobalIDString = 102E58DD1B2CAB43007AB425;
			remoteInfo = Agar.ios;
		};
/* End PBXContainerItemProxy section */

/* Begin PBXFileReference section */
		102E58DE1B2CAB43007AB425 /* Agar.ios.app */ = {isa = PBXFileReference; explicitFileType = wrapper.application; includeInIndex = 0; path = Agar.ios.app; sourceTree = BUILT_PRODUCTS_DIR; };
		102E58E21B2CAB43007AB425 /* Info.plist */ = {isa = PBXFileReference; lastKnownFileType = text.plist.xml; path = Info.plist; sourceTree = "<group>"; };
		102E58E31B2CAB43007AB425 /* AppDelegate.swift */ = {isa = PBXFileReference; lastKnownFileType = sourcecode.swift; path = AppDelegate.swift; sourceTree = "<group>"; };
		102E58E51B2CAB43007AB425 /* ViewController.swift */ = {isa = PBXFileReference; lastKnownFileType = sourcecode.swift; path = ViewController.swift; sourceTree = "<group>"; };
		102E58E81B2CAB43007AB425 /* Base */ = {isa = PBXFileReference; lastKnownFileType = file.storyboard; name = Base; path = Base.lproj/Main.storyboard; sourceTree = "<group>"; };
		102E58EA1B2CAB43007AB425 /* Images.xcassets */ = {isa = PBXFileReference; lastKnownFileType = folder.assetcatalog; path = Images.xcassets; sourceTree = "<group>"; };
		102E58ED1B2CAB43007AB425 /* Base */ = {isa = PBXFileReference; lastKnownFileType = file.xib; name = Base; path = Base.lproj/LaunchScreen.xib; sourceTree = "<group>"; };
		102E58F31B2CAB43007AB425 /* Agar.iosTests.xctest */ = {isa = PBXFileReference; explicitFileType = wrapper.cfbundle; includeInIndex = 0; path = Agar.iosTests.xctest; sourceTree = BUILT_PRODUCTS_DIR; };
		102E58F81B2CAB43007AB425 /* Info.plist */ = {isa = PBXFileReference; lastKnownFileType = text.plist.xml; path = Info.plist; sourceTree = "<group>"; };
		102E58F91B2CAB43007AB425 /* Agar_iosTests.swift */ = {isa = PBXFileReference; lastKnownFileType = sourcecode.swift; path = Agar_iosTests.swift; sourceTree = "<group>"; };
		102E59051B2CAB85007AB425 /* WebSocket.swift */ = {isa = PBXFileReference; fileEncoding = 4; lastKnownFileType = sourcecode.swift; path = WebSocket.swift; sourceTree = "<group>"; };
		102E59071B2CAB90007AB425 /* Security.swift */ = {isa = PBXFileReference; fileEncoding = 4; lastKnownFileType = sourcecode.swift; path = Security.swift; sourceTree = "<group>"; };
		102E590B1B2CB824007AB425 /* Node.swift */ = {isa = PBXFileReference; fileEncoding = 4; lastKnownFileType = sourcecode.swift; path = Node.swift; sourceTree = "<group>"; };
		102E590F1B2CB914007AB425 /* Packet.swift */ = {isa = PBXFileReference; fileEncoding = 4; lastKnownFileType = sourcecode.swift; path = Packet.swift; sourceTree = "<group>"; };
		102E59111B2CB963007AB425 /* UpdateNodesPacket.swift */ = {isa = PBXFileReference; fileEncoding = 4; lastKnownFileType = sourcecode.swift; path = UpdateNodesPacket.swift; sourceTree = "<group>"; };
		10F54AF71B2D93D400B8219F /* AgarScene.swift */ = {isa = PBXFileReference; fileEncoding = 4; lastKnownFileType = sourcecode.swift; path = AgarScene.swift; sourceTree = "<group>"; };
		10F54AFA1B2DC23700B8219F /* LeaderboardView.swift */ = {isa = PBXFileReference; fileEncoding = 4; lastKnownFileType = sourcecode.swift; path = LeaderboardView.swift; sourceTree = "<group>"; };
		10F54AFC1B2DD17500B8219F /* MoveMousePacket.swift */ = {isa = PBXFileReference; fileEncoding = 4; lastKnownFileType = sourcecode.swift; path = MoveMousePacket.swift; sourceTree = "<group>"; };
		10F8A6A11B2CC8A000590C7E /* UpdateLeaderboardPacket.swift */ = {isa = PBXFileReference; fileEncoding = 4; lastKnownFileType = sourcecode.swift; path = UpdateLeaderboardPacket.swift; sourceTree = "<group>"; };
		10F8A6A31B2CCEB900590C7E /* SetNicknamePacket.swift */ = {isa = PBXFileReference; fileEncoding = 4; lastKnownFileType = sourcecode.swift; path = SetNicknamePacket.swift; sourceTree = "<group>"; };
		10F8A6A51B2CCF3100590C7E /* ResetConnectionPacket.swift */ = {isa = PBXFileReference; fileEncoding = 4; lastKnownFileType = sourcecode.swift; path = ResetConnectionPacket.swift; sourceTree = "<group>"; };
		10F8A6A71B2CD05400590C7E /* SetBorderPacket.swift */ = {isa = PBXFileReference; fileEncoding = 4; lastKnownFileType = sourcecode.swift; path = SetBorderPacket.swift; sourceTree = "<group>"; };
		10F8A6A91B2CD23000590C7E /* AddNodePacket.swift */ = {isa = PBXFileReference; fileEncoding = 4; lastKnownFileType = sourcecode.swift; path = AddNodePacket.swift; sourceTree = "<group>"; };
/* End PBXFileReference section */

/* Begin PBXFrameworksBuildPhase section */
		102E58DB1B2CAB43007AB425 /* Frameworks */ = {
			isa = PBXFrameworksBuildPhase;
			buildActionMask = 2147483647;
			files = (
			);
			runOnlyForDeploymentPostprocessing = 0;
		};
		102E58F01B2CAB43007AB425 /* Frameworks */ = {
			isa = PBXFrameworksBuildPhase;
			buildActionMask = 2147483647;
			files = (
			);
			runOnlyForDeploymentPostprocessing = 0;
		};
/* End PBXFrameworksBuildPhase section */

/* Begin PBXGroup section */
		102E58D51B2CAB43007AB425 = {
			isa = PBXGroup;
			children = (
				102E58E01B2CAB43007AB425 /* Agar.ios */,
				102E58F61B2CAB43007AB425 /* Agar.iosTests */,
				102E58DF1B2CAB43007AB425 /* Products */,
			);
			sourceTree = "<group>";
		};
		102E58DF1B2CAB43007AB425 /* Products */ = {
			isa = PBXGroup;
			children = (
				102E58DE1B2CAB43007AB425 /* Agar.ios.app */,
				102E58F31B2CAB43007AB425 /* Agar.iosTests.xctest */,
			);
			name = Products;
			sourceTree = "<group>";
		};
		102E58E01B2CAB43007AB425 /* Agar.ios */ = {
			isa = PBXGroup;
			children = (
				10F54AC61B2D901300B8219F /* views */,
				102E590A1B2CB814007AB425 /* model */,
				102E59031B2CAB79007AB425 /* External */,
				102E58E31B2CAB43007AB425 /* AppDelegate.swift */,
				102E58E51B2CAB43007AB425 /* ViewController.swift */,
				102E58E71B2CAB43007AB425 /* Main.storyboard */,
				102E58EA1B2CAB43007AB425 /* Images.xcassets */,
				102E58EC1B2CAB43007AB425 /* LaunchScreen.xib */,
				102E58E11B2CAB43007AB425 /* Supporting Files */,
			);
			path = Agar.ios;
			sourceTree = "<group>";
		};
		102E58E11B2CAB43007AB425 /* Supporting Files */ = {
			isa = PBXGroup;
			children = (
				102E58E21B2CAB43007AB425 /* Info.plist */,
			);
			name = "Supporting Files";
			sourceTree = "<group>";
		};
		102E58F61B2CAB43007AB425 /* Agar.iosTests */ = {
			isa = PBXGroup;
			children = (
				102E58F91B2CAB43007AB425 /* Agar_iosTests.swift */,
				102E58F71B2CAB43007AB425 /* Supporting Files */,
			);
			path = Agar.iosTests;
			sourceTree = "<group>";
		};
		102E58F71B2CAB43007AB425 /* Supporting Files */ = {
			isa = PBXGroup;
			children = (
				102E58F81B2CAB43007AB425 /* Info.plist */,
			);
			name = "Supporting Files";
			sourceTree = "<group>";
		};
		102E59031B2CAB79007AB425 /* External */ = {
			isa = PBXGroup;
			children = (
				102E59041B2CAB7E007AB425 /* Starscream */,
			);
			name = External;
			sourceTree = "<group>";
		};
		102E59041B2CAB7E007AB425 /* Starscream */ = {
			isa = PBXGroup;
			children = (
				102E59071B2CAB90007AB425 /* Security.swift */,
				102E59051B2CAB85007AB425 /* WebSocket.swift */,
			);
			name = Starscream;
			sourceTree = "<group>";
		};
		102E590A1B2CB814007AB425 /* model */ = {
			isa = PBXGroup;
			children = (
				10F54AF91B2D945500B8219F /* Packets */,
				102E590B1B2CB824007AB425 /* Node.swift */,
			);
			name = model;
			sourceTree = "<group>";
		};
		10F54AC61B2D901300B8219F /* views */ = {
			isa = PBXGroup;
			children = (
				10F54AF71B2D93D400B8219F /* AgarScene.swift */,
				10F54AFA1B2DC23700B8219F /* LeaderboardView.swift */,
			);
			name = views;
			sourceTree = "<group>";
		};
		10F54AF91B2D945500B8219F /* Packets */ = {
			isa = PBXGroup;
			children = (
				102E590F1B2CB914007AB425 /* Packet.swift */,
				102E59111B2CB963007AB425 /* UpdateNodesPacket.swift */,
				10F8A6A11B2CC8A000590C7E /* UpdateLeaderboardPacket.swift */,
				10F8A6A31B2CCEB900590C7E /* SetNicknamePacket.swift */,
				10F8A6A51B2CCF3100590C7E /* ResetConnectionPacket.swift */,
				10F8A6A71B2CD05400590C7E /* SetBorderPacket.swift */,
				10F8A6A91B2CD23000590C7E /* AddNodePacket.swift */,
				10F54AFC1B2DD17500B8219F /* MoveMousePacket.swift */,
			);
			name = Packets;
			sourceTree = "<group>";
		};
/* End PBXGroup section */

/* Begin PBXNativeTarget section */
		102E58DD1B2CAB43007AB425 /* Agar.ios */ = {
			isa = PBXNativeTarget;
			buildConfigurationList = 102E58FD1B2CAB43007AB425 /* Build configuration list for PBXNativeTarget "Agar.ios" */;
			buildPhases = (
				102E58DA1B2CAB43007AB425 /* Sources */,
				102E58DB1B2CAB43007AB425 /* Frameworks */,
				102E58DC1B2CAB43007AB425 /* Resources */,
			);
			buildRules = (
			);
			dependencies = (
			);
			name = Agar.ios;
			productName = Agar.ios;
			productReference = 102E58DE1B2CAB43007AB425 /* Agar.ios.app */;
			productType = "com.apple.product-type.application";
		};
		102E58F21B2CAB43007AB425 /* Agar.iosTests */ = {
			isa = PBXNativeTarget;
			buildConfigurationList = 102E59001B2CAB43007AB425 /* Build configuration list for PBXNativeTarget "Agar.iosTests" */;
			buildPhases = (
				102E58EF1B2CAB43007AB425 /* Sources */,
				102E58F01B2CAB43007AB425 /* Frameworks */,
				102E58F11B2CAB43007AB425 /* Resources */,
			);
			buildRules = (
			);
			dependencies = (
				102E58F51B2CAB43007AB425 /* PBXTargetDependency */,
			);
			name = Agar.iosTests;
			productName = Agar.iosTests;
			productReference = 102E58F31B2CAB43007AB425 /* Agar.iosTests.xctest */;
			productType = "com.apple.product-type.bundle.unit-test";
		};
/* End PBXNativeTarget section */

/* Begin PBXProject section */
		102E58D61B2CAB43007AB425 /* Project object */ = {
			isa = PBXProject;
			attributes = {
				LastUpgradeCheck = 0630;
				ORGANIZATIONNAME = martijndevos;
				TargetAttributes = {
					102E58DD1B2CAB43007AB425 = {
						CreatedOnToolsVersion = 6.3.1;
					};
					102E58F21B2CAB43007AB425 = {
						CreatedOnToolsVersion = 6.3.1;
						TestTargetID = 102E58DD1B2CAB43007AB425;
					};
				};
			};
			buildConfigurationList = 102E58D91B2CAB43007AB425 /* Build configuration list for PBXProject "Agar.ios" */;
			compatibilityVersion = "Xcode 3.2";
			developmentRegion = English;
			hasScannedForEncodings = 0;
			knownRegions = (
				en,
				Base,
			);
			mainGroup = 102E58D51B2CAB43007AB425;
			productRefGroup = 102E58DF1B2CAB43007AB425 /* Products */;
			projectDirPath = "";
			projectRoot = "";
			targets = (
				102E58DD1B2CAB43007AB425 /* Agar.ios */,
				102E58F21B2CAB43007AB425 /* Agar.iosTests */,
			);
		};
/* End PBXProject section */

/* Begin PBXResourcesBuildPhase section */
		102E58DC1B2CAB43007AB425 /* Resources */ = {
			isa = PBXResourcesBuildPhase;
			buildActionMask = 2147483647;
			files = (
				102E58E91B2CAB43007AB425 /* Main.storyboard in Resources */,
				102E58EE1B2CAB43007AB425 /* LaunchScreen.xib in Resources */,
				102E58EB1B2CAB43007AB425 /* Images.xcassets in Resources */,
			);
			runOnlyForDeploymentPostprocessing = 0;
		};
		102E58F11B2CAB43007AB425 /* Resources */ = {
			isa = PBXResourcesBuildPhase;
			buildActionMask = 2147483647;
			files = (
			);
			runOnlyForDeploymentPostprocessing = 0;
		};
/* End PBXResourcesBuildPhase section */

/* Begin PBXSourcesBuildPhase section */
		102E58DA1B2CAB43007AB425 /* Sources */ = {
			isa = PBXSourcesBuildPhase;
			buildActionMask = 2147483647;
			files = (
				10F8A6A21B2CC8A000590C7E /* UpdateLeaderboardPacket.swift in Sources */,
				10F8A6AA1B2CD23000590C7E /* AddNodePacket.swift in Sources */,
				102E58E61B2CAB43007AB425 /* ViewController.swift in Sources */,
				10F54AF81B2D93D400B8219F /* AgarScene.swift in Sources */,
				102E59121B2CB963007AB425 /* UpdateNodesPacket.swift in Sources */,
				10F54AFD1B2DD17500B8219F /* MoveMousePacket.swift in Sources */,
				102E590C1B2CB824007AB425 /* Node.swift in Sources */,
				102E59081B2CAB90007AB425 /* Security.swift in Sources */,
				102E59101B2CB914007AB425 /* Packet.swift in Sources */,
				102E59061B2CAB85007AB425 /* WebSocket.swift in Sources */,
				10F8A6A61B2CCF3100590C7E /* ResetConnectionPacket.swift in Sources */,
				10F54AFB1B2DC23700B8219F /* LeaderboardView.swift in Sources */,
				10F8A6A81B2CD05400590C7E /* SetBorderPacket.swift in Sources */,
				10F8A6A41B2CCEB900590C7E /* SetNicknamePacket.swift in Sources */,
				102E58E41B2CAB43007AB425 /* AppDelegate.swift in Sources */,
			);
			runOnlyForDeploymentPostprocessing = 0;
		};
		102E58EF1B2CAB43007AB425 /* Sources */ = {
			isa = PBXSourcesBuildPhase;
			buildActionMask = 2147483647;
			files = (
				102E58FA1B2CAB43007AB425 /* Agar_iosTests.swift in Sources */,
			);
			runOnlyForDeploymentPostprocessing = 0;
		};
/* End PBXSourcesBuildPhase section */

/* Begin PBXTargetDependency section */
		102E58F51B2CAB43007AB425 /* PBXTargetDependency */ = {
			isa = PBXTargetDependency;
			target = 102E58DD1B2CAB43007AB425 /* Agar.ios */;
			targetProxy = 102E58F41B2CAB43007AB425 /* PBXContainerItemProxy */;
		};
/* End PBXTargetDependency section */

/* Begin PBXVariantGroup section */
		102E58E71B2CAB43007AB425 /* Main.storyboard */ = {
			isa = PBXVariantGroup;
			children = (
				102E58E81B2CAB43007AB425 /* Base */,
			);
			name = Main.storyboard;
			sourceTree = "<group>";
		};
		102E58EC1B2CAB43007AB425 /* LaunchScreen.xib */ = {
			isa = PBXVariantGroup;
			children = (
				102E58ED1B2CAB43007AB425 /* Base */,
			);
			name = LaunchScreen.xib;
			sourceTree = "<group>";
		};
/* End PBXVariantGroup section */

/* Begin XCBuildConfiguration section */
		102E58FB1B2CAB43007AB425 /* Debug */ = {
			isa = XCBuildConfiguration;
			buildSettings = {
				ALWAYS_SEARCH_USER_PATHS = NO;
				CLANG_CXX_LANGUAGE_STANDARD = "gnu++0x";
				CLANG_CXX_LIBRARY = "libc++";
				CLANG_ENABLE_MODULES = YES;
				CLANG_ENABLE_OBJC_ARC = YES;
				CLANG_WARN_BOOL_CONVERSION = YES;
				CLANG_WARN_CONSTANT_CONVERSION = YES;
				CLANG_WARN_DIRECT_OBJC_ISA_USAGE = YES_ERROR;
				CLANG_WARN_EMPTY_BODY = YES;
				CLANG_WARN_ENUM_CONVERSION = YES;
				CLANG_WARN_INT_CONVERSION = YES;
				CLANG_WARN_OBJC_ROOT_CLASS = YES_ERROR;
				CLANG_WARN_UNREACHABLE_CODE = YES;
				CLANG_WARN__DUPLICATE_METHOD_MATCH = YES;
				"CODE_SIGN_IDENTITY[sdk=iphoneos*]" = "iPhone Developer";
				COPY_PHASE_STRIP = NO;
				DEBUG_INFORMATION_FORMAT = "dwarf-with-dsym";
				ENABLE_STRICT_OBJC_MSGSEND = YES;
				GCC_C_LANGUAGE_STANDARD = gnu99;
				GCC_DYNAMIC_NO_PIC = NO;
				GCC_NO_COMMON_BLOCKS = YES;
				GCC_OPTIMIZATION_LEVEL = 0;
				GCC_PREPROCESSOR_DEFINITIONS = (
					"DEBUG=1",
					"$(inherited)",
				);
				GCC_SYMBOLS_PRIVATE_EXTERN = NO;
				GCC_WARN_64_TO_32_BIT_CONVERSION = YES;
				GCC_WARN_ABOUT_RETURN_TYPE = YES_ERROR;
				GCC_WARN_UNDECLARED_SELECTOR = YES;
				GCC_WARN_UNINITIALIZED_AUTOS = YES_AGGRESSIVE;
				GCC_WARN_UNUSED_FUNCTION = YES;
				GCC_WARN_UNUSED_VARIABLE = YES;
				IPHONEOS_DEPLOYMENT_TARGET = 8.3;
				MTL_ENABLE_DEBUG_INFO = YES;
				ONLY_ACTIVE_ARCH = YES;
				SDKROOT = iphoneos;
				SWIFT_OPTIMIZATION_LEVEL = "-Onone";
			};
			name = Debug;
		};
		102E58FC1B2CAB43007AB425 /* Release */ = {
			isa = XCBuildConfiguration;
			buildSettings = {
				ALWAYS_SEARCH_USER_PATHS = NO;
				CLANG_CXX_LANGUAGE_STANDARD = "gnu++0x";
				CLANG_CXX_LIBRARY = "libc++";
				CLANG_ENABLE_MODULES = YES;
				CLANG_ENABLE_OBJC_ARC = YES;
				CLANG_WARN_BOOL_CONVERSION = YES;
				CLANG_WARN_CONSTANT_CONVERSION = YES;
				CLANG_WARN_DIRECT_OBJC_ISA_USAGE = YES_ERROR;
				CLANG_WARN_EMPTY_BODY = YES;
				CLANG_WARN_ENUM_CONVERSION = YES;
				CLANG_WARN_INT_CONVERSION = YES;
				CLANG_WARN_OBJC_ROOT_CLASS = YES_ERROR;
				CLANG_WARN_UNREACHABLE_CODE = YES;
				CLANG_WARN__DUPLICATE_METHOD_MATCH = YES;
				"CODE_SIGN_IDENTITY[sdk=iphoneos*]" = "iPhone Developer";
				COPY_PHASE_STRIP = NO;
				DEBUG_INFORMATION_FORMAT = "dwarf-with-dsym";
				ENABLE_NS_ASSERTIONS = NO;
				ENABLE_STRICT_OBJC_MSGSEND = YES;
				GCC_C_LANGUAGE_STANDARD = gnu99;
				GCC_NO_COMMON_BLOCKS = YES;
				GCC_WARN_64_TO_32_BIT_CONVERSION = YES;
				GCC_WARN_ABOUT_RETURN_TYPE = YES_ERROR;
				GCC_WARN_UNDECLARED_SELECTOR = YES;
				GCC_WARN_UNINITIALIZED_AUTOS = YES_AGGRESSIVE;
				GCC_WARN_UNUSED_FUNCTION = YES;
				GCC_WARN_UNUSED_VARIABLE = YES;
				IPHONEOS_DEPLOYMENT_TARGET = 8.3;
				MTL_ENABLE_DEBUG_INFO = NO;
				SDKROOT = iphoneos;
				VALIDATE_PRODUCT = YES;
			};
			name = Release;
		};
		102E58FE1B2CAB43007AB425 /* Debug */ = {
			isa = XCBuildConfiguration;
			buildSettings = {
				ASSETCATALOG_COMPILER_APPICON_NAME = AppIcon;
				INFOPLIST_FILE = Agar.ios/Info.plist;
				LD_RUNPATH_SEARCH_PATHS = "$(inherited) @executable_path/Frameworks";
				PRODUCT_NAME = "$(TARGET_NAME)";
			};
			name = Debug;
		};
		102E58FF1B2CAB43007AB425 /* Release */ = {
			isa = XCBuildConfiguration;
			buildSettings = {
				ASSETCATALOG_COMPILER_APPICON_NAME = AppIcon;
				INFOPLIST_FILE = Agar.ios/Info.plist;
				LD_RUNPATH_SEARCH_PATHS = "$(inherited) @executable_path/Frameworks";
				PRODUCT_NAME = "$(TARGET_NAME)";
			};
			name = Release;
		};
		102E59011B2CAB43007AB425 /* Debug */ = {
			isa = XCBuildConfiguration;
			buildSettings = {
				BUNDLE_LOADER = "$(TEST_HOST)";
				FRAMEWORK_SEARCH_PATHS = (
					"$(SDKROOT)/Developer/Library/Frameworks",
					"$(inherited)",
				);
				GCC_PREPROCESSOR_DEFINITIONS = (
					"DEBUG=1",
					"$(inherited)",
				);
				INFOPLIST_FILE = Agar.iosTests/Info.plist;
				LD_RUNPATH_SEARCH_PATHS = "$(inherited) @executable_path/Frameworks @loader_path/Frameworks";
				PRODUCT_NAME = "$(TARGET_NAME)";
				TEST_HOST = "$(BUILT_PRODUCTS_DIR)/Agar.ios.app/Agar.ios";
			};
			name = Debug;
		};
		102E59021B2CAB43007AB425 /* Release */ = {
			isa = XCBuildConfiguration;
			buildSettings = {
				BUNDLE_LOADER = "$(TEST_HOST)";
				FRAMEWORK_SEARCH_PATHS = (
					"$(SDKROOT)/Developer/Library/Frameworks",
					"$(inherited)",
				);
				INFOPLIST_FILE = Agar.iosTests/Info.plist;
				LD_RUNPATH_SEARCH_PATHS = "$(inherited) @executable_path/Frameworks @loader_path/Frameworks";
				PRODUCT_NAME = "$(TARGET_NAME)";
				TEST_HOST = "$(BUILT_PRODUCTS_DIR)/Agar.ios.app/Agar.ios";
			};
			name = Release;
		};
/* End XCBuildConfiguration section */

/* Begin XCConfigurationList section */
		102E58D91B2CAB43007AB425 /* Build configuration list for PBXProject "Agar.ios" */ = {
			isa = XCConfigurationList;
			buildConfigurations = (
				102E58FB1B2CAB43007AB425 /* Debug */,
				102E58FC1B2CAB43007AB425 /* Release */,
			);
			defaultConfigurationIsVisible = 0;
			defaultConfigurationName = Release;
		};
		102E58FD1B2CAB43007AB425 /* Build configuration list for PBXNativeTarget "Agar.ios" */ = {
			isa = XCConfigurationList;
			buildConfigurations = (
				102E58FE1B2CAB43007AB425 /* Debug */,
				102E58FF1B2CAB43007AB425 /* Release */,
			);
			defaultConfigurationIsVisible = 0;
			defaultConfigurationName = Release;
		};
		102E59001B2CAB43007AB425 /* Build configuration list for PBXNativeTarget "Agar.iosTests" */ = {
			isa = XCConfigurationList;
			buildConfigurations = (
				102E59011B2CAB43007AB425 /* Debug */,
				102E59021B2CAB43007AB425 /* Release */,
			);
			defaultConfigurationIsVisible = 0;
			defaultConfigurationName = Release;
		};
/* End XCConfigurationList section */
	};
	rootObject = 102E58D61B2CAB43007AB425 /* Project object */;
}
